
Microsoft Visual Studio Solution File, Format Version 12.00
# Visual Studio 15
VisualStudioVersion = 15.0.27428.2005
MinimumVisualStudioVersion = 10.0.40219.1
Project("{2150E333-8FDC-42A3-9474-1A3956D46DE8}") = "1.Apresentação", "1.Apresentação", "{E63E4603-E307-4B87-AD35-3AF22D285880}"
EndProject
Project("{2150E333-8FDC-42A3-9474-1A3956D46DE8}") = "2.Aplicacao", "2.Aplicacao", "{875F3113-9A72-4C44-933A-B475AACE91DB}"
EndProject
Project("{2150E333-8FDC-42A3-9474-1A3956D46DE8}") = "3.Dominio", "3.Dominio", "{1226D542-E5AB-410F-8815-E0167DF5CF6E}"
EndProject
Project("{2150E333-8FDC-42A3-9474-1A3956D46DE8}") = "4.InfraEstrutura", "4.InfraEstrutura", "{3F62FADD-5E79-4DC6-827B-4E54675B8C22}"
EndProject
Project("{2150E333-8FDC-42A3-9474-1A3956D46DE8}") = "5.Banco", "5.Banco", "{49E46DE1-CCE6-40A5-8B2B-309832858893}"
EndProject
Project("{2150E333-8FDC-42A3-9474-1A3956D46DE8}") = "Testes", "Testes", "{1CA88066-E884-4B95-AFBA-C5B2090FE218}"
EndProject
Project("{FAE04EC0-301F-11D3-BF4B-00C04F79EFBC}") = "ProjetoRosangela.Domain", "ProjetoRosangela.Domain\ProjetoRosangela.Domain.csproj", "{7FD9BF4E-5381-40AD-AC15-FB0AE57F39B7}"
EndProject
Project("{FAE04EC0-301F-11D3-BF4B-00C04F79EFBC}") = "ProjetoRosangela.Domain.Testes", "ProjetoRosangela.Domain.Testes\ProjetoRosangela.Domain.Testes.csproj", "{F8CDD907-4D57-43BA-BD11-0B14C5150A76}"
EndProject
Project("{FAE04EC0-301F-11D3-BF4B-00C04F79EFBC}") = "ProjetoRosangela.Infra.Testes", "ProjetoRosangela.Infra\ProjetoRosangela.Infra.Testes.csproj", "{6F057935-A207-46F0-A7C2-939471B95500}"
EndProject
Project("{FAE04EC0-301F-11D3-BF4B-00C04F79EFBC}") = "ProjetoRosangela.Infra.Data.Testes", "ProjetoRosangela.Infra.Data\ProjetoRosangela.Infra.Data.Testes.csproj", "{60DE8B69-7780-4FAE-BACD-16F16B9329FF}"
EndProject
Project("{FAE04EC0-301F-11D3-BF4B-00C04F79EFBC}") = "ProjetoRosangela.Aplicacao.Testes", "ProjetoRosangela.Aplicacao\ProjetoRosangela.Aplicacao.Testes.csproj", "{42A0A578-337E-4673-AE4F-C6F039E1FD73}"
EndProject
Project("{FAE04EC0-301F-11D3-BF4B-00C04F79EFBC}") = "ProjetoRosangela.Integracao.Testes", "ProjetoRosangela.Integracao\ProjetoRosangela.Integracao.Testes.csproj", "{7EFC9CD8-1706-417E-ABA2-2693A7F5D610}"
EndProject
Project("{FAE04EC0-301F-11D3-BF4B-00C04F79EFBC}") = "ProjetoRosangela.Comum.Testes", "ProjetoRosangela.Comum.Testes\ProjetoRosangela.Comum.Testes.csproj", "{D4135400-435C-4198-AFA4-29A402441FE7}"
EndProject
Global
	GlobalSection(SolutionConfigurationPlatforms) = preSolution
		Debug|Any CPU = Debug|Any CPU
		Release|Any CPU = Release|Any CPU
	EndGlobalSection
	GlobalSection(ProjectConfigurationPlatforms) = postSolution
		{7FD9BF4E-5381-40AD-AC15-FB0AE57F39B7}.Debug|Any CPU.ActiveCfg = Debug|Any CPU
		{7FD9BF4E-5381-40AD-AC15-FB0AE57F39B7}.Debug|Any CPU.Build.0 = Debug|Any CPU
		{7FD9BF4E-5381-40AD-AC15-FB0AE57F39B7}.Release|Any CPU.ActiveCfg = Release|Any CPU
		{7FD9BF4E-5381-40AD-AC15-FB0AE57F39B7}.Release|Any CPU.Build.0 = Release|Any CPU
		{F8CDD907-4D57-43BA-BD11-0B14C5150A76}.Debug|Any CPU.ActiveCfg = Debug|Any CPU
		{F8CDD907-4D57-43BA-BD11-0B14C5150A76}.Debug|Any CPU.Build.0 = Debug|Any CPU
		{F8CDD907-4D57-43BA-BD11-0B14C5150A76}.Release|Any CPU.ActiveCfg = Release|Any CPU
		{F8CDD907-4D57-43BA-BD11-0B14C5150A76}.Release|Any CPU.Build.0 = Release|Any CPU
		{6F057935-A207-46F0-A7C2-939471B95500}.Debug|Any CPU.ActiveCfg = Debug|Any CPU
		{6F057935-A207-46F0-A7C2-939471B95500}.Debug|Any CPU.Build.0 = Debug|Any CPU
		{6F057935-A207-46F0-A7C2-939471B95500}.Release|Any CPU.ActiveCfg = Release|Any CPU
		{6F057935-A207-46F0-A7C2-939471B95500}.Release|Any CPU.Build.0 = Release|Any CPU
		{60DE8B69-7780-4FAE-BACD-16F16B9329FF}.Debug|Any CPU.ActiveCfg = Debug|Any CPU
		{60DE8B69-7780-4FAE-BACD-16F16B9329FF}.Debug|Any CPU.Build.0 = Debug|Any CPU
		{60DE8B69-7780-4FAE-BACD-16F16B9329FF}.Release|Any CPU.ActiveCfg = Release|Any CPU
		{60DE8B69-7780-4FAE-BACD-16F16B9329FF}.Release|Any CPU.Build.0 = Release|Any CPU
		{42A0A578-337E-4673-AE4F-C6F039E1FD73}.Debug|Any CPU.ActiveCfg = Debug|Any CPU
		{42A0A578-337E-4673-AE4F-C6F039E1FD73}.Debug|Any CPU.Build.0 = Debug|Any CPU
		{42A0A578-337E-4673-AE4F-C6F039E1FD73}.Release|Any CPU.ActiveCfg = Release|Any CPU
		{42A0A578-337E-4673-AE4F-C6F039E1FD73}.Release|Any CPU.Build.0 = Release|Any CPU
		{7EFC9CD8-1706-417E-ABA2-2693A7F5D610}.Debug|Any CPU.ActiveCfg = Debug|Any CPU
		{7EFC9CD8-1706-417E-ABA2-2693A7F5D610}.Debug|Any CPU.Build.0 = Debug|Any CPU
		{7EFC9CD8-1706-417E-ABA2-2693A7F5D610}.Release|Any CPU.ActiveCfg = Release|Any CPU
		{7EFC9CD8-1706-417E-ABA2-2693A7F5D610}.Release|Any CPU.Build.0 = Release|Any CPU
		{D4135400-435C-4198-AFA4-29A402441FE7}.Debug|Any CPU.ActiveCfg = Debug|Any CPU
		{D4135400-435C-4198-AFA4-29A402441FE7}.Debug|Any CPU.Build.0 = Debug|Any CPU
		{D4135400-435C-4198-AFA4-29A402441FE7}.Release|Any CPU.ActiveCfg = Release|Any CPU
		{D4135400-435C-4198-AFA4-29A402441FE7}.Release|Any CPU.Build.0 = Release|Any CPU
	EndGlobalSection
	GlobalSection(SolutionProperties) = preSolution
		HideSolutionNode = FALSE
	EndGlobalSection
	GlobalSection(NestedProjects) = preSolution
		{7FD9BF4E-5381-40AD-AC15-FB0AE57F39B7} = {1226D542-E5AB-410F-8815-E0167DF5CF6E}
		{F8CDD907-4D57-43BA-BD11-0B14C5150A76} = {1CA88066-E884-4B95-AFBA-C5B2090FE218}
		{6F057935-A207-46F0-A7C2-939471B95500} = {1CA88066-E884-4B95-AFBA-C5B2090FE218}
		{60DE8B69-7780-4FAE-BACD-16F16B9329FF} = {1CA88066-E884-4B95-AFBA-C5B2090FE218}
		{42A0A578-337E-4673-AE4F-C6F039E1FD73} = {1CA88066-E884-4B95-AFBA-C5B2090FE218}
		{7EFC9CD8-1706-417E-ABA2-2693A7F5D610} = {1CA88066-E884-4B95-AFBA-C5B2090FE218}
		{D4135400-435C-4198-AFA4-29A402441FE7} = {1CA88066-E884-4B95-AFBA-C5B2090FE218}
	EndGlobalSection
	GlobalSection(ExtensibilityGlobals) = postSolution
		SolutionGuid = {A07A7138-E59F-4C69-85E1-8C98CDB1CB58}
	EndGlobalSection
EndGlobal
