
Microsoft Visual Studio Solution File, Format Version 12.00
# Visual Studio 15
VisualStudioVersion = 15.0.27428.2005
MinimumVisualStudioVersion = 10.0.40219.1
Project("{FAE04EC0-301F-11D3-BF4B-00C04F79EFBC}") = "DonaLaura", "DonaLaura\DonaLaura.csproj", "{4CE09E4B-862B-4641-8FA1-A851F8286B3D}"
EndProject
Project("{2150E333-8FDC-42A3-9474-1A3956D46DE8}") = "1.Apresentacao", "1.Apresentacao", "{23CA0859-8819-47AF-BCE4-402B1A0EA28A}"
EndProject
Project("{2150E333-8FDC-42A3-9474-1A3956D46DE8}") = "2.Aplicação", "2.Aplicação", "{A8CFD2ED-AF6F-43E2-B7DF-8755FBEE163A}"
EndProject
Project("{2150E333-8FDC-42A3-9474-1A3956D46DE8}") = "3.Dominio", "3.Dominio", "{EC0EB791-52CD-4B05-9533-ADC656B1C514}"
EndProject
Project("{2150E333-8FDC-42A3-9474-1A3956D46DE8}") = "4.Infraestrutura", "4.Infraestrutura", "{8D09C91C-4650-4B0C-8A99-A000153F11BB}"
EndProject
Project("{FAE04EC0-301F-11D3-BF4B-00C04F79EFBC}") = "DonaLaura.Domain", "DonaLaura.Domain\DonaLaura.Domain.csproj", "{EC5DAE41-9E9C-4898-91E7-8C972B0AD35F}"
EndProject
Project("{2150E333-8FDC-42A3-9474-1A3956D46DE8}") = "Testes", "Testes", "{CE62A0CE-9838-48F7-B44D-CC2257FF780C}"
EndProject
Project("{FAE04EC0-301F-11D3-BF4B-00C04F79EFBC}") = "DonaLaura.Dominio.Test", "DonaLaura.Domain.Test\DonaLaura.Dominio.Test.csproj", "{5DDBECC8-EAA0-4C4A-8486-786CFE1A0D7B}"
EndProject
Project("{FAE04EC0-301F-11D3-BF4B-00C04F79EFBC}") = "DonaLaura.Comum.Teste", "DonaLauraComum\DonaLaura.Comum.Teste.csproj", "{B778CFAA-BDD5-4C27-A0F5-3787C3AD5AB6}"
EndProject
Project("{2150E333-8FDC-42A3-9474-1A3956D46DE8}") = "6.Banco", "6.Banco", "{E4F5A797-B3D1-4AEA-A3D3-B76AA2AC647B}"
EndProject
Project("{00D1A9C2-B5F0-4AF3-8072-F6C62B433612}") = "DBDonaLaura", "DBDonaLaura\DBDonaLaura.sqlproj", "{FAD94397-B764-4AC9-BAF2-6A73204ACF0E}"
EndProject
Project("{FAE04EC0-301F-11D3-BF4B-00C04F79EFBC}") = "DonaLaura.Infra", "DonaLaura.Infra\DonaLaura.Infra.csproj", "{88B68512-B2DD-4C8A-836E-737C1C99B47F}"
EndProject
Project("{FAE04EC0-301F-11D3-BF4B-00C04F79EFBC}") = "DonaLaura.Infra.Data", "DonaLaura.Infra.Data\DonaLaura.Infra.Data.csproj", "{CD7B2B86-A3D2-4D61-B937-649960849A61}"
EndProject
Project("{FAE04EC0-301F-11D3-BF4B-00C04F79EFBC}") = "DonaLaura.Infra.Test", "DonaLaura.Infra.Test\DonaLaura.Infra.Test.csproj", "{BE3918D8-5630-4D07-A30E-B5BEAA121317}"
EndProject
Project("{FAE04EC0-301F-11D3-BF4B-00C04F79EFBC}") = "DonaLaura.Infra.Data.Test", "DonaLaura.Infra.Data.Test\DonaLaura.Infra.Data.Test.csproj", "{5A26BDF0-F1AE-484B-A624-DDB6E9344B52}"
EndProject
Project("{FAE04EC0-301F-11D3-BF4B-00C04F79EFBC}") = "DonaLaura.Application", "DonaLaura.Application\DonaLaura.Application.csproj", "{6A5CDA98-9515-4CEC-8F18-0BE938854313}"
EndProject
Global
	GlobalSection(SolutionConfigurationPlatforms) = preSolution
		Debug|Any CPU = Debug|Any CPU
		Release|Any CPU = Release|Any CPU
	EndGlobalSection
	GlobalSection(ProjectConfigurationPlatforms) = postSolution
		{4CE09E4B-862B-4641-8FA1-A851F8286B3D}.Debug|Any CPU.ActiveCfg = Debug|Any CPU
		{4CE09E4B-862B-4641-8FA1-A851F8286B3D}.Debug|Any CPU.Build.0 = Debug|Any CPU
		{4CE09E4B-862B-4641-8FA1-A851F8286B3D}.Release|Any CPU.ActiveCfg = Release|Any CPU
		{4CE09E4B-862B-4641-8FA1-A851F8286B3D}.Release|Any CPU.Build.0 = Release|Any CPU
		{EC5DAE41-9E9C-4898-91E7-8C972B0AD35F}.Debug|Any CPU.ActiveCfg = Debug|Any CPU
		{EC5DAE41-9E9C-4898-91E7-8C972B0AD35F}.Debug|Any CPU.Build.0 = Debug|Any CPU
		{EC5DAE41-9E9C-4898-91E7-8C972B0AD35F}.Release|Any CPU.ActiveCfg = Release|Any CPU
		{EC5DAE41-9E9C-4898-91E7-8C972B0AD35F}.Release|Any CPU.Build.0 = Release|Any CPU
		{5DDBECC8-EAA0-4C4A-8486-786CFE1A0D7B}.Debug|Any CPU.ActiveCfg = Debug|Any CPU
		{5DDBECC8-EAA0-4C4A-8486-786CFE1A0D7B}.Debug|Any CPU.Build.0 = Debug|Any CPU
		{5DDBECC8-EAA0-4C4A-8486-786CFE1A0D7B}.Release|Any CPU.ActiveCfg = Release|Any CPU
		{5DDBECC8-EAA0-4C4A-8486-786CFE1A0D7B}.Release|Any CPU.Build.0 = Release|Any CPU
		{B778CFAA-BDD5-4C27-A0F5-3787C3AD5AB6}.Debug|Any CPU.ActiveCfg = Debug|Any CPU
		{B778CFAA-BDD5-4C27-A0F5-3787C3AD5AB6}.Debug|Any CPU.Build.0 = Debug|Any CPU
		{B778CFAA-BDD5-4C27-A0F5-3787C3AD5AB6}.Release|Any CPU.ActiveCfg = Release|Any CPU
		{B778CFAA-BDD5-4C27-A0F5-3787C3AD5AB6}.Release|Any CPU.Build.0 = Release|Any CPU
		{FAD94397-B764-4AC9-BAF2-6A73204ACF0E}.Debug|Any CPU.ActiveCfg = Debug|Any CPU
		{FAD94397-B764-4AC9-BAF2-6A73204ACF0E}.Debug|Any CPU.Build.0 = Debug|Any CPU
		{FAD94397-B764-4AC9-BAF2-6A73204ACF0E}.Debug|Any CPU.Deploy.0 = Debug|Any CPU
		{FAD94397-B764-4AC9-BAF2-6A73204ACF0E}.Release|Any CPU.ActiveCfg = Release|Any CPU
		{FAD94397-B764-4AC9-BAF2-6A73204ACF0E}.Release|Any CPU.Build.0 = Release|Any CPU
		{FAD94397-B764-4AC9-BAF2-6A73204ACF0E}.Release|Any CPU.Deploy.0 = Release|Any CPU
		{88B68512-B2DD-4C8A-836E-737C1C99B47F}.Debug|Any CPU.ActiveCfg = Debug|Any CPU
		{88B68512-B2DD-4C8A-836E-737C1C99B47F}.Debug|Any CPU.Build.0 = Debug|Any CPU
		{88B68512-B2DD-4C8A-836E-737C1C99B47F}.Release|Any CPU.ActiveCfg = Release|Any CPU
		{88B68512-B2DD-4C8A-836E-737C1C99B47F}.Release|Any CPU.Build.0 = Release|Any CPU
		{CD7B2B86-A3D2-4D61-B937-649960849A61}.Debug|Any CPU.ActiveCfg = Debug|Any CPU
		{CD7B2B86-A3D2-4D61-B937-649960849A61}.Debug|Any CPU.Build.0 = Debug|Any CPU
		{CD7B2B86-A3D2-4D61-B937-649960849A61}.Release|Any CPU.ActiveCfg = Release|Any CPU
		{CD7B2B86-A3D2-4D61-B937-649960849A61}.Release|Any CPU.Build.0 = Release|Any CPU
		{BE3918D8-5630-4D07-A30E-B5BEAA121317}.Debug|Any CPU.ActiveCfg = Debug|Any CPU
		{BE3918D8-5630-4D07-A30E-B5BEAA121317}.Debug|Any CPU.Build.0 = Debug|Any CPU
		{BE3918D8-5630-4D07-A30E-B5BEAA121317}.Release|Any CPU.ActiveCfg = Release|Any CPU
		{BE3918D8-5630-4D07-A30E-B5BEAA121317}.Release|Any CPU.Build.0 = Release|Any CPU
		{5A26BDF0-F1AE-484B-A624-DDB6E9344B52}.Debug|Any CPU.ActiveCfg = Debug|Any CPU
		{5A26BDF0-F1AE-484B-A624-DDB6E9344B52}.Debug|Any CPU.Build.0 = Debug|Any CPU
		{5A26BDF0-F1AE-484B-A624-DDB6E9344B52}.Release|Any CPU.ActiveCfg = Release|Any CPU
		{5A26BDF0-F1AE-484B-A624-DDB6E9344B52}.Release|Any CPU.Build.0 = Release|Any CPU
		{6A5CDA98-9515-4CEC-8F18-0BE938854313}.Debug|Any CPU.ActiveCfg = Debug|Any CPU
		{6A5CDA98-9515-4CEC-8F18-0BE938854313}.Debug|Any CPU.Build.0 = Debug|Any CPU
		{6A5CDA98-9515-4CEC-8F18-0BE938854313}.Release|Any CPU.ActiveCfg = Release|Any CPU
		{6A5CDA98-9515-4CEC-8F18-0BE938854313}.Release|Any CPU.Build.0 = Release|Any CPU
	EndGlobalSection
	GlobalSection(SolutionProperties) = preSolution
		HideSolutionNode = FALSE
	EndGlobalSection
	GlobalSection(NestedProjects) = preSolution
		{4CE09E4B-862B-4641-8FA1-A851F8286B3D} = {23CA0859-8819-47AF-BCE4-402B1A0EA28A}
		{EC5DAE41-9E9C-4898-91E7-8C972B0AD35F} = {EC0EB791-52CD-4B05-9533-ADC656B1C514}
		{5DDBECC8-EAA0-4C4A-8486-786CFE1A0D7B} = {CE62A0CE-9838-48F7-B44D-CC2257FF780C}
		{B778CFAA-BDD5-4C27-A0F5-3787C3AD5AB6} = {CE62A0CE-9838-48F7-B44D-CC2257FF780C}
		{FAD94397-B764-4AC9-BAF2-6A73204ACF0E} = {E4F5A797-B3D1-4AEA-A3D3-B76AA2AC647B}
		{88B68512-B2DD-4C8A-836E-737C1C99B47F} = {8D09C91C-4650-4B0C-8A99-A000153F11BB}
		{CD7B2B86-A3D2-4D61-B937-649960849A61} = {8D09C91C-4650-4B0C-8A99-A000153F11BB}
		{BE3918D8-5630-4D07-A30E-B5BEAA121317} = {CE62A0CE-9838-48F7-B44D-CC2257FF780C}
		{5A26BDF0-F1AE-484B-A624-DDB6E9344B52} = {CE62A0CE-9838-48F7-B44D-CC2257FF780C}
		{6A5CDA98-9515-4CEC-8F18-0BE938854313} = {A8CFD2ED-AF6F-43E2-B7DF-8755FBEE163A}
	EndGlobalSection
	GlobalSection(ExtensibilityGlobals) = postSolution
		SolutionGuid = {829CEBBB-86A5-42D3-8152-F7BA045211EF}
	EndGlobalSection
EndGlobal
